
Microsoft Visual Studio Solution File, Format Version 12.00
# Visual Studio Version 17
VisualStudioVersion = 17.1.32210.238
MinimumVisualStudioVersion = 10.0.40219.1
Project("{8BC9CEB8-8B4A-11D0-8D11-00A0C91BC942}") = "Client1", "Client1\Client1.vcxproj", "{F116524A-7F8C-42F1-98DF-482B43C2762F}"
EndProject
Global
	GlobalSection(SolutionConfigurationPlatforms) = preSolution
		Debug|x64 = Debug|x64
		Debug|x86 = Debug|x86
		Release|x64 = Release|x64
		Release|x86 = Release|x86
	EndGlobalSection
	GlobalSection(ProjectConfigurationPlatforms) = postSolution
		{F116524A-7F8C-42F1-98DF-482B43C2762F}.Debug|x64.ActiveCfg = Debug|x64
		{F116524A-7F8C-42F1-98DF-482B43C2762F}.Debug|x64.Build.0 = Debug|x64
		{F116524A-7F8C-42F1-98DF-482B43C2762F}.Debug|x86.ActiveCfg = Debug|Win32
		{F116524A-7F8C-42F1-98DF-482B43C2762F}.Debug|x86.Build.0 = Debug|Win32
		{F116524A-7F8C-42F1-98DF-482B43C2762F}.Release|x64.ActiveCfg = Release|x64
		{F116524A-7F8C-42F1-98DF-482B43C2762F}.Release|x64.Build.0 = Release|x64
		{F116524A-7F8C-42F1-98DF-482B43C2762F}.Release|x86.ActiveCfg = Release|Win32
		{F116524A-7F8C-42F1-98DF-482B43C2762F}.Release|x86.Build.0 = Release|Win32
	EndGlobalSection
	GlobalSection(SolutionProperties) = preSolution
		HideSolutionNode = FALSE
	EndGlobalSection
	GlobalSection(ExtensibilityGlobals) = postSolution
		SolutionGuid = {9195019E-82D2-4BB6-90A2-BF64EE9D3380}
	EndGlobalSection
EndGlobal
